
Microsoft Visual Studio Solution File, Format Version 12.00
# Visual Studio 14
VisualStudioVersion = 14.0.25420.1
MinimumVisualStudioVersion = 10.0.40219.1
Project("{FAE04EC0-301F-11D3-BF4B-00C04F79EFBC}") = "CVTest", "CVTest\CVTest.csproj", "{9AF382D6-292C-43A0-8FD9-E8647C1C6302}"
	ProjectSection(ProjectDependencies) = postProject
		{3EE91966-C492-47FA-8F23-09A0E6A2F173} = {3EE91966-C492-47FA-8F23-09A0E6A2F173}
	EndProjectSection
EndProject
Project("{FAE04EC0-301F-11D3-BF4B-00C04F79EFBC}") = "Tracker", "Tracker\Tracker.csproj", "{3EE91966-C492-47FA-8F23-09A0E6A2F173}"
EndProject
Global
	GlobalSection(SolutionConfigurationPlatforms) = preSolution
		Debug|Any CPU = Debug|Any CPU
		Release|Any CPU = Release|Any CPU
	EndGlobalSection
	GlobalSection(ProjectConfigurationPlatforms) = postSolution
		{9AF382D6-292C-43A0-8FD9-E8647C1C6302}.Debug|Any CPU.ActiveCfg = Debug|Any CPU
		{9AF382D6-292C-43A0-8FD9-E8647C1C6302}.Debug|Any CPU.Build.0 = Debug|Any CPU
		{9AF382D6-292C-43A0-8FD9-E8647C1C6302}.Release|Any CPU.ActiveCfg = Release|Any CPU
		{9AF382D6-292C-43A0-8FD9-E8647C1C6302}.Release|Any CPU.Build.0 = Release|Any CPU
		{3EE91966-C492-47FA-8F23-09A0E6A2F173}.Debug|Any CPU.ActiveCfg = Debug|Any CPU
		{3EE91966-C492-47FA-8F23-09A0E6A2F173}.Debug|Any CPU.Build.0 = Debug|Any CPU
		{3EE91966-C492-47FA-8F23-09A0E6A2F173}.Release|Any CPU.ActiveCfg = Release|Any CPU
		{3EE91966-C492-47FA-8F23-09A0E6A2F173}.Release|Any CPU.Build.0 = Release|Any CPU
	EndGlobalSection
	GlobalSection(SolutionProperties) = preSolution
		HideSolutionNode = FALSE
	EndGlobalSection
EndGlobal
